// !$*UTF8*$!
{
	archiveVersion = 1;
	classes = {
	};
	objectVersion = 50;
	objects = {

/* Begin PBXBuildFile section */
		13D741FB2555F55700411462 /* AppDelegate.swift in Sources */ = {isa = PBXBuildFile; fileRef = 13D741FA2555F55700411462 /* AppDelegate.swift */; };
		13D741FD2555F55700411462 /* SceneDelegate.swift in Sources */ = {isa = PBXBuildFile; fileRef = 13D741FC2555F55700411462 /* SceneDelegate.swift */; };
		13D741FF2555F55700411462 /* ViewController.swift in Sources */ = {isa = PBXBuildFile; fileRef = 13D741FE2555F55700411462 /* ViewController.swift */; };
		13D742022555F55700411462 /* Main.storyboard in Resources */ = {isa = PBXBuildFile; fileRef = 13D742002555F55700411462 /* Main.storyboard */; };
		13D742052555F55700411462 /* SelfAnalysisDemo.xcdatamodeld in Sources */ = {isa = PBXBuildFile; fileRef = 13D742032555F55700411462 /* SelfAnalysisDemo.xcdatamodeld */; };
		13D742072555F55A00411462 /* Assets.xcassets in Resources */ = {isa = PBXBuildFile; fileRef = 13D742062555F55A00411462 /* Assets.xcassets */; };
		13D7420A2555F55A00411462 /* LaunchScreen.storyboard in Resources */ = {isa = PBXBuildFile; fileRef = 13D742082555F55A00411462 /* LaunchScreen.storyboard */; };
		13D742152555F55A00411462 /* SelfAnalysisDemoTests.swift in Sources */ = {isa = PBXBuildFile; fileRef = 13D742142555F55A00411462 /* SelfAnalysisDemoTests.swift */; };
		13D742202555F55A00411462 /* SelfAnalysisDemoUITests.swift in Sources */ = {isa = PBXBuildFile; fileRef = 13D7421F2555F55A00411462 /* SelfAnalysisDemoUITests.swift */; };
/* End PBXBuildFile section */

/* Begin PBXContainerItemProxy section */
		13D742112555F55A00411462 /* PBXContainerItemProxy */ = {
			isa = PBXContainerItemProxy;
			containerPortal = 13D741EF2555F55700411462 /* Project object */;
			proxyType = 1;
			remoteGlobalIDString = 13D741F62555F55700411462;
			remoteInfo = SelfAnalysisDemo;
		};
		13D7421C2555F55A00411462 /* PBXContainerItemProxy */ = {
			isa = PBXContainerItemProxy;
			containerPortal = 13D741EF2555F55700411462 /* Project object */;
			proxyType = 1;
			remoteGlobalIDString = 13D741F62555F55700411462;
			remoteInfo = SelfAnalysisDemo;
		};
/* End PBXContainerItemProxy section */

/* Begin PBXFileReference section */
		13D741F72555F55700411462 /* SelfAnalysisDemo.app */ = {isa = PBXFileReference; explicitFileType = wrapper.application; includeInIndex = 0; path = SelfAnalysisDemo.app; sourceTree = BUILT_PRODUCTS_DIR; };
		13D741FA2555F55700411462 /* AppDelegate.swift */ = {isa = PBXFileReference; lastKnownFileType = sourcecode.swift; path = AppDelegate.swift; sourceTree = "<group>"; };
		13D741FC2555F55700411462 /* SceneDelegate.swift */ = {isa = PBXFileReference; lastKnownFileType = sourcecode.swift; path = SceneDelegate.swift; sourceTree = "<group>"; };
		13D741FE2555F55700411462 /* ViewController.swift */ = {isa = PBXFileReference; lastKnownFileType = sourcecode.swift; path = ViewController.swift; sourceTree = "<group>"; };
		13D742012555F55700411462 /* Base */ = {isa = PBXFileReference; lastKnownFileType = file.storyboard; name = Base; path = Base.lproj/Main.storyboard; sourceTree = "<group>"; };
		13D742042555F55700411462 /* SelfAnalysisDemo.xcdatamodel */ = {isa = PBXFileReference; lastKnownFileType = wrapper.xcdatamodel; path = SelfAnalysisDemo.xcdatamodel; sourceTree = "<group>"; };
		13D742062555F55A00411462 /* Assets.xcassets */ = {isa = PBXFileReference; lastKnownFileType = folder.assetcatalog; path = Assets.xcassets; sourceTree = "<group>"; };
		13D742092555F55A00411462 /* Base */ = {isa = PBXFileReference; lastKnownFileType = file.storyboard; name = Base; path = Base.lproj/LaunchScreen.storyboard; sourceTree = "<group>"; };
		13D7420B2555F55A00411462 /* Info.plist */ = {isa = PBXFileReference; lastKnownFileType = text.plist.xml; path = Info.plist; sourceTree = "<group>"; };
		13D742102555F55A00411462 /* SelfAnalysisDemoTests.xctest */ = {isa = PBXFileReference; explicitFileType = wrapper.cfbundle; includeInIndex = 0; path = SelfAnalysisDemoTests.xctest; sourceTree = BUILT_PRODUCTS_DIR; };
		13D742142555F55A00411462 /* SelfAnalysisDemoTests.swift */ = {isa = PBXFileReference; lastKnownFileType = sourcecode.swift; path = SelfAnalysisDemoTests.swift; sourceTree = "<group>"; };
		13D742162555F55A00411462 /* Info.plist */ = {isa = PBXFileReference; lastKnownFileType = text.plist.xml; path = Info.plist; sourceTree = "<group>"; };
		13D7421B2555F55A00411462 /* SelfAnalysisDemoUITests.xctest */ = {isa = PBXFileReference; explicitFileType = wrapper.cfbundle; includeInIndex = 0; path = SelfAnalysisDemoUITests.xctest; sourceTree = BUILT_PRODUCTS_DIR; };
		13D7421F2555F55A00411462 /* SelfAnalysisDemoUITests.swift */ = {isa = PBXFileReference; lastKnownFileType = sourcecode.swift; path = SelfAnalysisDemoUITests.swift; sourceTree = "<group>"; };
		13D742212555F55A00411462 /* Info.plist */ = {isa = PBXFileReference; lastKnownFileType = text.plist.xml; path = Info.plist; sourceTree = "<group>"; };
/* End PBXFileReference section */

/* Begin PBXFrameworksBuildPhase section */
		13D741F42555F55700411462 /* Frameworks */ = {
			isa = PBXFrameworksBuildPhase;
			buildActionMask = 2147483647;
			files = (
			);
			runOnlyForDeploymentPostprocessing = 0;
		};
		13D7420D2555F55A00411462 /* Frameworks */ = {
			isa = PBXFrameworksBuildPhase;
			buildActionMask = 2147483647;
			files = (
			);
			runOnlyForDeploymentPostprocessing = 0;
		};
		13D742182555F55A00411462 /* Frameworks */ = {
			isa = PBXFrameworksBuildPhase;
			buildActionMask = 2147483647;
			files = (
			);
			runOnlyForDeploymentPostprocessing = 0;
		};
/* End PBXFrameworksBuildPhase section */

/* Begin PBXGroup section */
		13D741EE2555F55700411462 = {
			isa = PBXGroup;
			children = (
				13D741F92555F55700411462 /* SelfAnalysisDemo */,
				13D742132555F55A00411462 /* SelfAnalysisDemoTests */,
				13D7421E2555F55A00411462 /* SelfAnalysisDemoUITests */,
				13D741F82555F55700411462 /* Products */,
			);
			sourceTree = "<group>";
		};
		13D741F82555F55700411462 /* Products */ = {
			isa = PBXGroup;
			children = (
				13D741F72555F55700411462 /* SelfAnalysisDemo.app */,
				13D742102555F55A00411462 /* SelfAnalysisDemoTests.xctest */,
				13D7421B2555F55A00411462 /* SelfAnalysisDemoUITests.xctest */,
			);
			name = Products;
			sourceTree = "<group>";
		};
		13D741F92555F55700411462 /* SelfAnalysisDemo */ = {
			isa = PBXGroup;
			children = (
				13D741FA2555F55700411462 /* AppDelegate.swift */,
				13D741FC2555F55700411462 /* SceneDelegate.swift */,
				13D741FE2555F55700411462 /* ViewController.swift */,
				13D742002555F55700411462 /* Main.storyboard */,
				13D742062555F55A00411462 /* Assets.xcassets */,
				13D742082555F55A00411462 /* LaunchScreen.storyboard */,
				13D7420B2555F55A00411462 /* Info.plist */,
				13D742032555F55700411462 /* SelfAnalysisDemo.xcdatamodeld */,
			);
			path = SelfAnalysisDemo;
			sourceTree = "<group>";
		};
		13D742132555F55A00411462 /* SelfAnalysisDemoTests */ = {
			isa = PBXGroup;
			children = (
				13D742142555F55A00411462 /* SelfAnalysisDemoTests.swift */,
				13D742162555F55A00411462 /* Info.plist */,
			);
			path = SelfAnalysisDemoTests;
			sourceTree = "<group>";
		};
		13D7421E2555F55A00411462 /* SelfAnalysisDemoUITests */ = {
			isa = PBXGroup;
			children = (
				13D7421F2555F55A00411462 /* SelfAnalysisDemoUITests.swift */,
				13D742212555F55A00411462 /* Info.plist */,
			);
			path = SelfAnalysisDemoUITests;
			sourceTree = "<group>";
		};
/* End PBXGroup section */

/* Begin PBXNativeTarget section */
		13D741F62555F55700411462 /* SelfAnalysisDemo */ = {
			isa = PBXNativeTarget;
			buildConfigurationList = 13D742242555F55A00411462 /* Build configuration list for PBXNativeTarget "SelfAnalysisDemo" */;
			buildPhases = (
				13D741F32555F55700411462 /* Sources */,
				13D741F42555F55700411462 /* Frameworks */,
				13D741F52555F55700411462 /* Resources */,
			);
			buildRules = (
			);
			dependencies = (
			);
			name = SelfAnalysisDemo;
			productName = SelfAnalysisDemo;
			productReference = 13D741F72555F55700411462 /* SelfAnalysisDemo.app */;
			productType = "com.apple.product-type.application";
		};
		13D7420F2555F55A00411462 /* SelfAnalysisDemoTests */ = {
			isa = PBXNativeTarget;
			buildConfigurationList = 13D742272555F55A00411462 /* Build configuration list for PBXNativeTarget "SelfAnalysisDemoTests" */;
			buildPhases = (
				13D7420C2555F55A00411462 /* Sources */,
				13D7420D2555F55A00411462 /* Frameworks */,
				13D7420E2555F55A00411462 /* Resources */,
			);
			buildRules = (
			);
			dependencies = (
				13D742122555F55A00411462 /* PBXTargetDependency */,
			);
			name = SelfAnalysisDemoTests;
			productName = SelfAnalysisDemoTests;
			productReference = 13D742102555F55A00411462 /* SelfAnalysisDemoTests.xctest */;
			productType = "com.apple.product-type.bundle.unit-test";
		};
		13D7421A2555F55A00411462 /* SelfAnalysisDemoUITests */ = {
			isa = PBXNativeTarget;
			buildConfigurationList = 13D7422A2555F55A00411462 /* Build configuration list for PBXNativeTarget "SelfAnalysisDemoUITests" */;
			buildPhases = (
				13D742172555F55A00411462 /* Sources */,
				13D742182555F55A00411462 /* Frameworks */,
				13D742192555F55A00411462 /* Resources */,
			);
			buildRules = (
			);
			dependencies = (
				13D7421D2555F55A00411462 /* PBXTargetDependency */,
			);
			name = SelfAnalysisDemoUITests;
			productName = SelfAnalysisDemoUITests;
			productReference = 13D7421B2555F55A00411462 /* SelfAnalysisDemoUITests.xctest */;
			productType = "com.apple.product-type.bundle.ui-testing";
		};
/* End PBXNativeTarget section */

/* Begin PBXProject section */
		13D741EF2555F55700411462 /* Project object */ = {
			isa = PBXProject;
			attributes = {
				LastSwiftUpdateCheck = 1210;
				LastUpgradeCheck = 1210;
				TargetAttributes = {
					13D741F62555F55700411462 = {
						CreatedOnToolsVersion = 12.1;
					};
					13D7420F2555F55A00411462 = {
						CreatedOnToolsVersion = 12.1;
						TestTargetID = 13D741F62555F55700411462;
					};
					13D7421A2555F55A00411462 = {
						CreatedOnToolsVersion = 12.1;
						TestTargetID = 13D741F62555F55700411462;
					};
				};
			};
			buildConfigurationList = 13D741F22555F55700411462 /* Build configuration list for PBXProject "SelfAnalysisDemo" */;
			compatibilityVersion = "Xcode 9.3";
			developmentRegion = en;
			hasScannedForEncodings = 0;
			knownRegions = (
				en,
				Base,
			);
			mainGroup = 13D741EE2555F55700411462;
			productRefGroup = 13D741F82555F55700411462 /* Products */;
			projectDirPath = "";
			projectRoot = "";
			targets = (
				13D741F62555F55700411462 /* SelfAnalysisDemo */,
				13D7420F2555F55A00411462 /* SelfAnalysisDemoTests */,
				13D7421A2555F55A00411462 /* SelfAnalysisDemoUITests */,
			);
		};
/* End PBXProject section */

/* Begin PBXResourcesBuildPhase section */
		13D741F52555F55700411462 /* Resources */ = {
			isa = PBXResourcesBuildPhase;
			buildActionMask = 2147483647;
			files = (
				13D7420A2555F55A00411462 /* LaunchScreen.storyboard in Resources */,
				13D742072555F55A00411462 /* Assets.xcassets in Resources */,
				13D742022555F55700411462 /* Main.storyboard in Resources */,
			);
			runOnlyForDeploymentPostprocessing = 0;
		};
		13D7420E2555F55A00411462 /* Resources */ = {
			isa = PBXResourcesBuildPhase;
			buildActionMask = 2147483647;
			files = (
			);
			runOnlyForDeploymentPostprocessing = 0;
		};
		13D742192555F55A00411462 /* Resources */ = {
			isa = PBXResourcesBuildPhase;
			buildActionMask = 2147483647;
			files = (
			);
			runOnlyForDeploymentPostprocessing = 0;
		};
/* End PBXResourcesBuildPhase section */

/* Begin PBXSourcesBuildPhase section */
		13D741F32555F55700411462 /* Sources */ = {
			isa = PBXSourcesBuildPhase;
			buildActionMask = 2147483647;
			files = (
				13D742052555F55700411462 /* SelfAnalysisDemo.xcdatamodeld in Sources */,
				13D741FF2555F55700411462 /* ViewController.swift in Sources */,
				13D741FB2555F55700411462 /* AppDelegate.swift in Sources */,
				13D741FD2555F55700411462 /* SceneDelegate.swift in Sources */,
			);
			runOnlyForDeploymentPostprocessing = 0;
		};
		13D7420C2555F55A00411462 /* Sources */ = {
			isa = PBXSourcesBuildPhase;
			buildActionMask = 2147483647;
			files = (
				13D742152555F55A00411462 /* SelfAnalysisDemoTests.swift in Sources */,
			);
			runOnlyForDeploymentPostprocessing = 0;
		};
		13D742172555F55A00411462 /* Sources */ = {
			isa = PBXSourcesBuildPhase;
			buildActionMask = 2147483647;
			files = (
				13D742202555F55A00411462 /* SelfAnalysisDemoUITests.swift in Sources */,
			);
			runOnlyForDeploymentPostprocessing = 0;
		};
/* End PBXSourcesBuildPhase section */

/* Begin PBXTargetDependency section */
		13D742122555F55A00411462 /* PBXTargetDependency */ = {
			isa = PBXTargetDependency;
			target = 13D741F62555F55700411462 /* SelfAnalysisDemo */;
			targetProxy = 13D742112555F55A00411462 /* PBXContainerItemProxy */;
		};
		13D7421D2555F55A00411462 /* PBXTargetDependency */ = {
			isa = PBXTargetDependency;
			target = 13D741F62555F55700411462 /* SelfAnalysisDemo */;
			targetProxy = 13D7421C2555F55A00411462 /* PBXContainerItemProxy */;
		};
/* End PBXTargetDependency section */

/* Begin PBXVariantGroup section */
		13D742002555F55700411462 /* Main.storyboard */ = {
			isa = PBXVariantGroup;
			children = (
				13D742012555F55700411462 /* Base */,
			);
			name = Main.storyboard;
			sourceTree = "<group>";
		};
		13D742082555F55A00411462 /* LaunchScreen.storyboard */ = {
			isa = PBXVariantGroup;
			children = (
				13D742092555F55A00411462 /* Base */,
			);
			name = LaunchScreen.storyboard;
			sourceTree = "<group>";
		};
/* End PBXVariantGroup section */

/* Begin XCBuildConfiguration section */
		13D742222555F55A00411462 /* Debug */ = {
			isa = XCBuildConfiguration;
			buildSettings = {
				ALWAYS_SEARCH_USER_PATHS = NO;
				CLANG_ANALYZER_NONNULL = YES;
				CLANG_ANALYZER_NUMBER_OBJECT_CONVERSION = YES_AGGRESSIVE;
				CLANG_CXX_LANGUAGE_STANDARD = "gnu++14";
				CLANG_CXX_LIBRARY = "libc++";
				CLANG_ENABLE_MODULES = YES;
				CLANG_ENABLE_OBJC_ARC = YES;
				CLANG_ENABLE_OBJC_WEAK = YES;
				CLANG_WARN_BLOCK_CAPTURE_AUTORELEASING = YES;
				CLANG_WARN_BOOL_CONVERSION = YES;
				CLANG_WARN_COMMA = YES;
				CLANG_WARN_CONSTANT_CONVERSION = YES;
				CLANG_WARN_DEPRECATED_OBJC_IMPLEMENTATIONS = YES;
				CLANG_WARN_DIRECT_OBJC_ISA_USAGE = YES_ERROR;
				CLANG_WARN_DOCUMENTATION_COMMENTS = YES;
				CLANG_WARN_EMPTY_BODY = YES;
				CLANG_WARN_ENUM_CONVERSION = YES;
				CLANG_WARN_INFINITE_RECURSION = YES;
				CLANG_WARN_INT_CONVERSION = YES;
				CLANG_WARN_NON_LITERAL_NULL_CONVERSION = YES;
				CLANG_WARN_OBJC_IMPLICIT_RETAIN_SELF = YES;
				CLANG_WARN_OBJC_LITERAL_CONVERSION = YES;
				CLANG_WARN_OBJC_ROOT_CLASS = YES_ERROR;
				CLANG_WARN_QUOTED_INCLUDE_IN_FRAMEWORK_HEADER = YES;
				CLANG_WARN_RANGE_LOOP_ANALYSIS = YES;
				CLANG_WARN_STRICT_PROTOTYPES = YES;
				CLANG_WARN_SUSPICIOUS_MOVE = YES;
				CLANG_WARN_UNGUARDED_AVAILABILITY = YES_AGGRESSIVE;
				CLANG_WARN_UNREACHABLE_CODE = YES;
				CLANG_WARN__DUPLICATE_METHOD_MATCH = YES;
				COPY_PHASE_STRIP = NO;
				DEBUG_INFORMATION_FORMAT = dwarf;
				ENABLE_STRICT_OBJC_MSGSEND = YES;
				ENABLE_TESTABILITY = YES;
				GCC_C_LANGUAGE_STANDARD = gnu11;
				GCC_DYNAMIC_NO_PIC = NO;
				GCC_NO_COMMON_BLOCKS = YES;
				GCC_OPTIMIZATION_LEVEL = 0;
				GCC_PREPROCESSOR_DEFINITIONS = (
					"DEBUG=1",
					"$(inherited)",
				);
				GCC_WARN_64_TO_32_BIT_CONVERSION = YES;
				GCC_WARN_ABOUT_RETURN_TYPE = YES_ERROR;
				GCC_WARN_UNDECLARED_SELECTOR = YES;
				GCC_WARN_UNINITIALIZED_AUTOS = YES_AGGRESSIVE;
				GCC_WARN_UNUSED_FUNCTION = YES;
				GCC_WARN_UNUSED_VARIABLE = YES;
				IPHONEOS_DEPLOYMENT_TARGET = 14.1;
				MTL_ENABLE_DEBUG_INFO = INCLUDE_SOURCE;
				MTL_FAST_MATH = YES;
				ONLY_ACTIVE_ARCH = YES;
				SDKROOT = iphoneos;
				SWIFT_ACTIVE_COMPILATION_CONDITIONS = DEBUG;
				SWIFT_OPTIMIZATION_LEVEL = "-Onone";
			};
			name = Debug;
		};
		13D742232555F55A00411462 /* Release */ = {
			isa = XCBuildConfiguration;
			buildSettings = {
				ALWAYS_SEARCH_USER_PATHS = NO;
				CLANG_ANALYZER_NONNULL = YES;
				CLANG_ANALYZER_NUMBER_OBJECT_CONVERSION = YES_AGGRESSIVE;
				CLANG_CXX_LANGUAGE_STANDARD = "gnu++14";
				CLANG_CXX_LIBRARY = "libc++";
				CLANG_ENABLE_MODULES = YES;
				CLANG_ENABLE_OBJC_ARC = YES;
				CLANG_ENABLE_OBJC_WEAK = YES;
				CLANG_WARN_BLOCK_CAPTURE_AUTORELEASING = YES;
				CLANG_WARN_BOOL_CONVERSION = YES;
				CLANG_WARN_COMMA = YES;
				CLANG_WARN_CONSTANT_CONVERSION = YES;
				CLANG_WARN_DEPRECATED_OBJC_IMPLEMENTATIONS = YES;
				CLANG_WARN_DIRECT_OBJC_ISA_USAGE = YES_ERROR;
				CLANG_WARN_DOCUMENTATION_COMMENTS = YES;
				CLANG_WARN_EMPTY_BODY = YES;
				CLANG_WARN_ENUM_CONVERSION = YES;
				CLANG_WARN_INFINITE_RECURSION = YES;
				CLANG_WARN_INT_CONVERSION = YES;
				CLANG_WARN_NON_LITERAL_NULL_CONVERSION = YES;
				CLANG_WARN_OBJC_IMPLICIT_RETAIN_SELF = YES;
				CLANG_WARN_OBJC_LITERAL_CONVERSION = YES;
				CLANG_WARN_OBJC_ROOT_CLASS = YES_ERROR;
				CLANG_WARN_QUOTED_INCLUDE_IN_FRAMEWORK_HEADER = YES;
				CLANG_WARN_RANGE_LOOP_ANALYSIS = YES;
				CLANG_WARN_STRICT_PROTOTYPES = YES;
				CLANG_WARN_SUSPICIOUS_MOVE = YES;
				CLANG_WARN_UNGUARDED_AVAILABILITY = YES_AGGRESSIVE;
				CLANG_WARN_UNREACHABLE_CODE = YES;
				CLANG_WARN__DUPLICATE_METHOD_MATCH = YES;
				COPY_PHASE_STRIP = NO;
				DEBUG_INFORMATION_FORMAT = "dwarf-with-dsym";
				ENABLE_NS_ASSERTIONS = NO;
				ENABLE_STRICT_OBJC_MSGSEND = YES;
				GCC_C_LANGUAGE_STANDARD = gnu11;
				GCC_NO_COMMON_BLOCKS = YES;
				GCC_WARN_64_TO_32_BIT_CONVERSION = YES;
				GCC_WARN_ABOUT_RETURN_TYPE = YES_ERROR;
				GCC_WARN_UNDECLARED_SELECTOR = YES;
				GCC_WARN_UNINITIALIZED_AUTOS = YES_AGGRESSIVE;
				GCC_WARN_UNUSED_FUNCTION = YES;
				GCC_WARN_UNUSED_VARIABLE = YES;
				IPHONEOS_DEPLOYMENT_TARGET = 14.1;
				MTL_ENABLE_DEBUG_INFO = NO;
				MTL_FAST_MATH = YES;
				SDKROOT = iphoneos;
				SWIFT_COMPILATION_MODE = wholemodule;
				SWIFT_OPTIMIZATION_LEVEL = "-O";
				VALIDATE_PRODUCT = YES;
			};
			name = Release;
		};
		13D742252555F55A00411462 /* Debug */ = {
			isa = XCBuildConfiguration;
			buildSettings = {
				ASSETCATALOG_COMPILER_APPICON_NAME = AppIcon;
				ASSETCATALOG_COMPILER_GLOBAL_ACCENT_COLOR_NAME = AccentColor;
				CODE_SIGN_STYLE = Automatic;
				DEVELOPMENT_TEAM = LJ45VYMT6A;
				INFOPLIST_FILE = SelfAnalysisDemo/Info.plist;
				LD_RUNPATH_SEARCH_PATHS = (
					"$(inherited)",
					"@executable_path/Frameworks",
				);
				PRODUCT_BUNDLE_IDENTIFIER = glathocom.SelfAnalysisDemo;
				PRODUCT_NAME = "$(TARGET_NAME)";
				SWIFT_VERSION = 5.0;
				TARGETED_DEVICE_FAMILY = "1,2";
			};
			name = Debug;
		};
		13D742262555F55A00411462 /* Release */ = {
			isa = XCBuildConfiguration;
			buildSettings = {
				ASSETCATALOG_COMPILER_APPICON_NAME = AppIcon;
				ASSETCATALOG_COMPILER_GLOBAL_ACCENT_COLOR_NAME = AccentColor;
				CODE_SIGN_STYLE = Automatic;
				DEVELOPMENT_TEAM = LJ45VYMT6A;
				INFOPLIST_FILE = SelfAnalysisDemo/Info.plist;
				LD_RUNPATH_SEARCH_PATHS = (
					"$(inherited)",
					"@executable_path/Frameworks",
				);
				PRODUCT_BUNDLE_IDENTIFIER = glathocom.SelfAnalysisDemo;
				PRODUCT_NAME = "$(TARGET_NAME)";
				SWIFT_VERSION = 5.0;
				TARGETED_DEVICE_FAMILY = "1,2";
			};
			name = Release;
		};
		13D742282555F55A00411462 /* Debug */ = {
			isa = XCBuildConfiguration;
			buildSettings = {
				ALWAYS_EMBED_SWIFT_STANDARD_LIBRARIES = YES;
				BUNDLE_LOADER = "$(TEST_HOST)";
				CODE_SIGN_STYLE = Automatic;
				DEVELOPMENT_TEAM = LJ45VYMT6A;
				INFOPLIST_FILE = SelfAnalysisDemoTests/Info.plist;
				IPHONEOS_DEPLOYMENT_TARGET = 14.1;
				LD_RUNPATH_SEARCH_PATHS = (
					"$(inherited)",
					"@executable_path/Frameworks",
					"@loader_path/Frameworks",
				);
				PRODUCT_BUNDLE_IDENTIFIER = glathocom.SelfAnalysisDemoTests;
				PRODUCT_NAME = "$(TARGET_NAME)";
				SWIFT_VERSION = 5.0;
				TARGETED_DEVICE_FAMILY = "1,2";
				TEST_HOST = "$(BUILT_PRODUCTS_DIR)/SelfAnalysisDemo.app/SelfAnalysisDemo";
			};
			name = Debug;
		};
		13D742292555F55A00411462 /* Release */ = {
			isa = XCBuildConfiguration;
			buildSettings = {
				ALWAYS_EMBED_SWIFT_STANDARD_LIBRARIES = YES;
				BUNDLE_LOADER = "$(TEST_HOST)";
				CODE_SIGN_STYLE = Automatic;
				DEVELOPMENT_TEAM = LJ45VYMT6A;
				INFOPLIST_FILE = SelfAnalysisDemoTests/Info.plist;
				IPHONEOS_DEPLOYMENT_TARGET = 14.1;
				LD_RUNPATH_SEARCH_PATHS = (
					"$(inherited)",
					"@executable_path/Frameworks",
					"@loader_path/Frameworks",
				);
				PRODUCT_BUNDLE_IDENTIFIER = glathocom.SelfAnalysisDemoTests;
				PRODUCT_NAME = "$(TARGET_NAME)";
				SWIFT_VERSION = 5.0;
				TARGETED_DEVICE_FAMILY = "1,2";
				TEST_HOST = "$(BUILT_PRODUCTS_DIR)/SelfAnalysisDemo.app/SelfAnalysisDemo";
			};
			name = Release;
		};
		13D7422B2555F55A00411462 /* Debug */ = {
			isa = XCBuildConfiguration;
			buildSettings = {
				ALWAYS_EMBED_SWIFT_STANDARD_LIBRARIES = YES;
				CODE_SIGN_STYLE = Automatic;
				DEVELOPMENT_TEAM = LJ45VYMT6A;
				INFOPLIST_FILE = SelfAnalysisDemoUITests/Info.plist;
				LD_RUNPATH_SEARCH_PATHS = (
					"$(inherited)",
					"@executable_path/Frameworks",
					"@loader_path/Frameworks",
				);
				PRODUCT_BUNDLE_IDENTIFIER = glathocom.SelfAnalysisDemoUITests;
				PRODUCT_NAME = "$(TARGET_NAME)";
				SWIFT_VERSION = 5.0;
				TARGETED_DEVICE_FAMILY = "1,2";
				TEST_TARGET_NAME = SelfAnalysisDemo;
			};
			name = Debug;
		};
		13D7422C2555F55A00411462 /* Release */ = {
			isa = XCBuildConfiguration;
			buildSettings = {
				ALWAYS_EMBED_SWIFT_STANDARD_LIBRARIES = YES;
				CODE_SIGN_STYLE = Automatic;
				DEVELOPMENT_TEAM = LJ45VYMT6A;
				INFOPLIST_FILE = SelfAnalysisDemoUITests/Info.plist;
				LD_RUNPATH_SEARCH_PATHS = (
					"$(inherited)",
					"@executable_path/Frameworks",
					"@loader_path/Frameworks",
				);
				PRODUCT_BUNDLE_IDENTIFIER = glathocom.SelfAnalysisDemoUITests;
				PRODUCT_NAME = "$(TARGET_NAME)";
				SWIFT_VERSION = 5.0;
				TARGETED_DEVICE_FAMILY = "1,2";
				TEST_TARGET_NAME = SelfAnalysisDemo;
			};
			name = Release;
		};
/* End XCBuildConfiguration section */

/* Begin XCConfigurationList section */
		13D741F22555F55700411462 /* Build configuration list for PBXProject "SelfAnalysisDemo" */ = {
			isa = XCConfigurationList;
			buildConfigurations = (
				13D742222555F55A00411462 /* Debug */,
				13D742232555F55A00411462 /* Release */,
			);
			defaultConfigurationIsVisible = 0;
			defaultConfigurationName = Release;
		};
		13D742242555F55A00411462 /* Build configuration list for PBXNativeTarget "SelfAnalysisDemo" */ = {
			isa = XCConfigurationList;
			buildConfigurations = (
				13D742252555F55A00411462 /* Debug */,
				13D742262555F55A00411462 /* Release */,
			);
			defaultConfigurationIsVisible = 0;
			defaultConfigurationName = Release;
		};
		13D742272555F55A00411462 /* Build configuration list for PBXNativeTarget "SelfAnalysisDemoTests" */ = {
			isa = XCConfigurationList;
			buildConfigurations = (
				13D742282555F55A00411462 /* Debug */,
				13D742292555F55A00411462 /* Release */,
			);
			defaultConfigurationIsVisible = 0;
			defaultConfigurationName = Release;
		};
		13D7422A2555F55A00411462 /* Build configuration list for PBXNativeTarget "SelfAnalysisDemoUITests" */ = {
			isa = XCConfigurationList;
			buildConfigurations = (
				13D7422B2555F55A00411462 /* Debug */,
				13D7422C2555F55A00411462 /* Release */,
			);
			defaultConfigurationIsVisible = 0;
			defaultConfigurationName = Release;
		};
/* End XCConfigurationList section */

/* Begin XCVersionGroup section */
		13D742032555F55700411462 /* SelfAnalysisDemo.xcdatamodeld */ = {
			isa = XCVersionGroup;
			children = (
				13D742042555F55700411462 /* SelfAnalysisDemo.xcdatamodel */,
			);
			currentVersion = 13D742042555F55700411462 /* SelfAnalysisDemo.xcdatamodel */;
			path = SelfAnalysisDemo.xcdatamodeld;
			sourceTree = "<group>";
			versionGroupType = wrapper.xcdatamodel;
		};
/* End XCVersionGroup section */
	};
	rootObject = 13D741EF2555F55700411462 /* Project object */;
}
